// !$*UTF8*$!
{
	archiveVersion = 1;
	classes = {
	};
	objectVersion = 55;
	objects = {

/* Begin PBXBuildFile section */
		650C107827828AD600549DA6 /* SessionService.swift in Sources */ = {isa = PBXBuildFile; fileRef = 650C107727828AD600549DA6 /* SessionService.swift */; };
		650C107E27839F0000549DA6 /* HighlightButton.swift in Sources */ = {isa = PBXBuildFile; fileRef = 650C107D27839F0000549DA6 /* HighlightButton.swift */; };
		650C10822783A31600549DA6 /* IntToCurrency.swift in Sources */ = {isa = PBXBuildFile; fileRef = 650C10812783A31600549DA6 /* IntToCurrency.swift */; };
		650C10842783A83400549DA6 /* MainViewController.swift in Sources */ = {isa = PBXBuildFile; fileRef = 650C10832783A83400549DA6 /* MainViewController.swift */; };
		650C10862783A84100549DA6 /* UsersTableViewController.swift in Sources */ = {isa = PBXBuildFile; fileRef = 650C10852783A84100549DA6 /* UsersTableViewController.swift */; };
		650C10882783A85600549DA6 /* UserTableViewCell.swift in Sources */ = {isa = PBXBuildFile; fileRef = 650C10872783A85600549DA6 /* UserTableViewCell.swift */; };
		650C108A2783A8B600549DA6 /* LineDrawer.swift in Sources */ = {isa = PBXBuildFile; fileRef = 650C10892783A8B600549DA6 /* LineDrawer.swift */; };
		650C108C2783AD3900549DA6 /* GradientMaker.swift in Sources */ = {isa = PBXBuildFile; fileRef = 650C108B2783AD3900549DA6 /* GradientMaker.swift */; };
		650C10902783D0DA00549DA6 /* MoneyCountLabel.swift in Sources */ = {isa = PBXBuildFile; fileRef = 650C108F2783D0DA00549DA6 /* MoneyCountLabel.swift */; };
		650C109A2784939E00549DA6 /* AddUserTableViewController.swift in Sources */ = {isa = PBXBuildFile; fileRef = 650C10992784939E00549DA6 /* AddUserTableViewController.swift */; };
		65222C9B277E5F9F007D2B01 /* RegistrationController.swift in Sources */ = {isa = PBXBuildFile; fileRef = 65222C9A277E5F9F007D2B01 /* RegistrationController.swift */; };
		65222C9D277E5FBF007D2B01 /* LoginController.swift in Sources */ = {isa = PBXBuildFile; fileRef = 65222C9C277E5FBF007D2B01 /* LoginController.swift */; };
		65222C9F277E5FE3007D2B01 /* AuthenticationDelegate.swift in Sources */ = {isa = PBXBuildFile; fileRef = 65222C9E277E5FE3007D2B01 /* AuthenticationDelegate.swift */; };
		65222CA2277E6013007D2B01 /* AuthenticationViewModel.swift in Sources */ = {isa = PBXBuildFile; fileRef = 65222CA1277E6013007D2B01 /* AuthenticationViewModel.swift */; };
		65222CA4277E6044007D2B01 /* AuthButton.swift in Sources */ = {isa = PBXBuildFile; fileRef = 65222CA3277E6044007D2B01 /* AuthButton.swift */; };
		65222CA6277E6068007D2B01 /* CustomTextField.swift in Sources */ = {isa = PBXBuildFile; fileRef = 65222CA5277E6068007D2B01 /* CustomTextField.swift */; };
		65222CAA277E9B13007D2B01 /* Enums.swift in Sources */ = {isa = PBXBuildFile; fileRef = 65222CA9277E9B13007D2B01 /* Enums.swift */; };
		65222CB02780F7BC007D2B01 /* UserService.swift in Sources */ = {isa = PBXBuildFile; fileRef = 65222CAF2780F7BC007D2B01 /* UserService.swift */; };
		65222CB42780FD26007D2B01 /* MyJsonDecoder.swift in Sources */ = {isa = PBXBuildFile; fileRef = 65222CB32780FD26007D2B01 /* MyJsonDecoder.swift */; };
		65222CB627825742007D2B01 /* SessionTableViewCell.swift in Sources */ = {isa = PBXBuildFile; fileRef = 65222CB527825742007D2B01 /* SessionTableViewCell.swift */; };
		654347C3278BFAD600546BC2 /* LoginResponseModel.swift in Sources */ = {isa = PBXBuildFile; fileRef = 654347C2278BFAD600546BC2 /* LoginResponseModel.swift */; };
		6549A72F2787AF4300C87B3A /* UserDetailViewController.swift in Sources */ = {isa = PBXBuildFile; fileRef = 6549A72E2787AF4300C87B3A /* UserDetailViewController.swift */; };
		6549A7312787AF9E00C87B3A /* TransactionsTableViewController.swift in Sources */ = {isa = PBXBuildFile; fileRef = 6549A7302787AF9E00C87B3A /* TransactionsTableViewController.swift */; };
		6549A7332787E53A00C87B3A /* RIngProgressBar.swift in Sources */ = {isa = PBXBuildFile; fileRef = 6549A7322787E53A00C87B3A /* RIngProgressBar.swift */; };
		6549A73A278A24C500C87B3A /* OverallViewModel.swift in Sources */ = {isa = PBXBuildFile; fileRef = 6549A739278A24C500C87B3A /* OverallViewModel.swift */; };
		6549A73C278A4DFF00C87B3A /* RingPersonIcon.swift in Sources */ = {isa = PBXBuildFile; fileRef = 6549A73B278A4DFF00C87B3A /* RingPersonIcon.swift */; };
		6549A73E278A51B700C87B3A /* AddNewPaymentButton.swift in Sources */ = {isa = PBXBuildFile; fileRef = 6549A73D278A51B700C87B3A /* AddNewPaymentButton.swift */; };
		6549A740278A6F3600C87B3A /* TransactionViewCell.swift in Sources */ = {isa = PBXBuildFile; fileRef = 6549A73F278A6F3600C87B3A /* TransactionViewCell.swift */; };
		6549A743278A7B5A00C87B3A /* TransactionHeaderView.swift in Sources */ = {isa = PBXBuildFile; fileRef = 6549A742278A7B5A00C87B3A /* TransactionHeaderView.swift */; };
		65E08EE827937BC700A2E883 /* TransactionViewCellViews.swift in Sources */ = {isa = PBXBuildFile; fileRef = 65E08EE727937BC700A2E883 /* TransactionViewCellViews.swift */; };
		65E08EEA27946AC400A2E883 /* AnimatedButton.swift in Sources */ = {isa = PBXBuildFile; fileRef = 65E08EE927946AC400A2E883 /* AnimatedButton.swift */; };
		65E08EEC2794A89A00A2E883 /* TransactionService.swift in Sources */ = {isa = PBXBuildFile; fileRef = 65E08EEB2794A89A00A2E883 /* TransactionService.swift */; };
		65E08EF327966DBB00A2E883 /* ArrayRearrange.swift in Sources */ = {isa = PBXBuildFile; fileRef = 65E08EF227966DBB00A2E883 /* ArrayRearrange.swift */; };
		65E61AF0277E35D70003BAD8 /* AppDelegate.swift in Sources */ = {isa = PBXBuildFile; fileRef = 65E61AEF277E35D70003BAD8 /* AppDelegate.swift */; };
		65E61AF4277E35D70003BAD8 /* SessionViewController.swift in Sources */ = {isa = PBXBuildFile; fileRef = 65E61AF3277E35D70003BAD8 /* SessionViewController.swift */; };
		65E61AF9277E35D90003BAD8 /* Assets.xcassets in Resources */ = {isa = PBXBuildFile; fileRef = 65E61AF8277E35D90003BAD8 /* Assets.xcassets */; };
		65E61AFC277E35D90003BAD8 /* LaunchScreen.storyboard in Resources */ = {isa = PBXBuildFile; fileRef = 65E61AFA277E35D90003BAD8 /* LaunchScreen.storyboard */; };
		65E61B09277E3E300003BAD8 /* Extensions.swift in Sources */ = {isa = PBXBuildFile; fileRef = 65E61B08277E3E300003BAD8 /* Extensions.swift */; };
		65E61B0B277E3E4C0003BAD8 /* Constants.swift in Sources */ = {isa = PBXBuildFile; fileRef = 65E61B0A277E3E4C0003BAD8 /* Constants.swift */; };
		65E61B0D277E3FF10003BAD8 /* AuthService.swift in Sources */ = {isa = PBXBuildFile; fileRef = 65E61B0C277E3FF10003BAD8 /* AuthService.swift */; };
		65E61B0F277E40760003BAD8 /* ResponseModel.swift in Sources */ = {isa = PBXBuildFile; fileRef = 65E61B0E277E40760003BAD8 /* ResponseModel.swift */; };
		65F9C1C5278656060096DB39 /* SetImageColor.swift in Sources */ = {isa = PBXBuildFile; fileRef = 65F9C1C4278656060096DB39 /* SetImageColor.swift */; };
		65F9C1C7278660E80096DB39 /* SessionCodeCell.swift in Sources */ = {isa = PBXBuildFile; fileRef = 65F9C1C6278660E80096DB39 /* SessionCodeCell.swift */; };
		65F9C1CC27866B7E0096DB39 /* AddOfflineUserCell.swift in Sources */ = {isa = PBXBuildFile; fileRef = 65F9C1CB27866B7E0096DB39 /* AddOfflineUserCell.swift */; };
		960CECA127A580A100F30E7E /* Alamofire in Frameworks */ = {isa = PBXBuildFile; productRef = 960CECA027A580A100F30E7E /* Alamofire */; };
		960CECA427A580D700F30E7E /* JGProgressHUD in Frameworks */ = {isa = PBXBuildFile; productRef = 960CECA327A580D700F30E7E /* JGProgressHUD */; };
		96CA964D27A4E55200BF7196 /* AuthServiceTest.swift in Sources */ = {isa = PBXBuildFile; fileRef = 96CA964C27A4E55200BF7196 /* AuthServiceTest.swift */; };
		B9445427B748E127D2694F34 /* Pods_EqualSplitOnline.framework in Frameworks */ = {isa = PBXBuildFile; fileRef = CC418417459CA5F7B6F5837B /* Pods_EqualSplitOnline.framework */; };
		DF34E512C914863EA6E88DE1 /* Pods_EqualSplitOnlineTests.framework in Frameworks */ = {isa = PBXBuildFile; fileRef = F1A918087AFA2C6CF2E44C52 /* Pods_EqualSplitOnlineTests.framework */; };
/* End PBXBuildFile section */

/* Begin PBXContainerItemProxy section */
		96CA964727A4E4C500BF7196 /* PBXContainerItemProxy */ = {
			isa = PBXContainerItemProxy;
			containerPortal = 65E61AE4277E35D70003BAD8 /* Project object */;
			proxyType = 1;
			remoteGlobalIDString = 65E61AEB277E35D70003BAD8;
			remoteInfo = EqualSplitOnline;
		};
/* End PBXContainerItemProxy section */

/* Begin PBXFileReference section */
		12F2446AA05C0558446CAA86 /* Pods-EqualSplitOnline.release.xcconfig */ = {isa = PBXFileReference; includeInIndex = 1; lastKnownFileType = text.xcconfig; name = "Pods-EqualSplitOnline.release.xcconfig"; path = "Target Support Files/Pods-EqualSplitOnline/Pods-EqualSplitOnline.release.xcconfig"; sourceTree = "<group>"; };
		650C107727828AD600549DA6 /* SessionService.swift */ = {isa = PBXFileReference; lastKnownFileType = sourcecode.swift; path = SessionService.swift; sourceTree = "<group>"; };
		650C107D27839F0000549DA6 /* HighlightButton.swift */ = {isa = PBXFileReference; lastKnownFileType = sourcecode.swift; path = HighlightButton.swift; sourceTree = "<group>"; };
		650C10812783A31600549DA6 /* IntToCurrency.swift */ = {isa = PBXFileReference; lastKnownFileType = sourcecode.swift; path = IntToCurrency.swift; sourceTree = "<group>"; };
		650C10832783A83400549DA6 /* MainViewController.swift */ = {isa = PBXFileReference; lastKnownFileType = sourcecode.swift; path = MainViewController.swift; sourceTree = "<group>"; };
		650C10852783A84100549DA6 /* UsersTableViewController.swift */ = {isa = PBXFileReference; lastKnownFileType = sourcecode.swift; path = UsersTableViewController.swift; sourceTree = "<group>"; };
		650C10872783A85600549DA6 /* UserTableViewCell.swift */ = {isa = PBXFileReference; lastKnownFileType = sourcecode.swift; path = UserTableViewCell.swift; sourceTree = "<group>"; };
		650C10892783A8B600549DA6 /* LineDrawer.swift */ = {isa = PBXFileReference; lastKnownFileType = sourcecode.swift; path = LineDrawer.swift; sourceTree = "<group>"; };
		650C108B2783AD3900549DA6 /* GradientMaker.swift */ = {isa = PBXFileReference; lastKnownFileType = sourcecode.swift; path = GradientMaker.swift; sourceTree = "<group>"; };
		650C108F2783D0DA00549DA6 /* MoneyCountLabel.swift */ = {isa = PBXFileReference; lastKnownFileType = sourcecode.swift; path = MoneyCountLabel.swift; sourceTree = "<group>"; };
		650C10992784939E00549DA6 /* AddUserTableViewController.swift */ = {isa = PBXFileReference; lastKnownFileType = sourcecode.swift; path = AddUserTableViewController.swift; sourceTree = "<group>"; };
		65222C9A277E5F9F007D2B01 /* RegistrationController.swift */ = {isa = PBXFileReference; lastKnownFileType = sourcecode.swift; path = RegistrationController.swift; sourceTree = "<group>"; };
		65222C9C277E5FBF007D2B01 /* LoginController.swift */ = {isa = PBXFileReference; lastKnownFileType = sourcecode.swift; path = LoginController.swift; sourceTree = "<group>"; };
		65222C9E277E5FE3007D2B01 /* AuthenticationDelegate.swift */ = {isa = PBXFileReference; lastKnownFileType = sourcecode.swift; path = AuthenticationDelegate.swift; sourceTree = "<group>"; };
		65222CA1277E6013007D2B01 /* AuthenticationViewModel.swift */ = {isa = PBXFileReference; lastKnownFileType = sourcecode.swift; path = AuthenticationViewModel.swift; sourceTree = "<group>"; };
		65222CA3277E6044007D2B01 /* AuthButton.swift */ = {isa = PBXFileReference; lastKnownFileType = sourcecode.swift; path = AuthButton.swift; sourceTree = "<group>"; };
		65222CA5277E6068007D2B01 /* CustomTextField.swift */ = {isa = PBXFileReference; lastKnownFileType = sourcecode.swift; path = CustomTextField.swift; sourceTree = "<group>"; };
		65222CA9277E9B13007D2B01 /* Enums.swift */ = {isa = PBXFileReference; lastKnownFileType = sourcecode.swift; path = Enums.swift; sourceTree = "<group>"; };
		65222CAF2780F7BC007D2B01 /* UserService.swift */ = {isa = PBXFileReference; lastKnownFileType = sourcecode.swift; path = UserService.swift; sourceTree = "<group>"; };
		65222CB32780FD26007D2B01 /* MyJsonDecoder.swift */ = {isa = PBXFileReference; lastKnownFileType = sourcecode.swift; path = MyJsonDecoder.swift; sourceTree = "<group>"; };
		65222CB527825742007D2B01 /* SessionTableViewCell.swift */ = {isa = PBXFileReference; lastKnownFileType = sourcecode.swift; path = SessionTableViewCell.swift; sourceTree = "<group>"; };
		654347C2278BFAD600546BC2 /* LoginResponseModel.swift */ = {isa = PBXFileReference; lastKnownFileType = sourcecode.swift; path = LoginResponseModel.swift; sourceTree = "<group>"; };
		6549A72E2787AF4300C87B3A /* UserDetailViewController.swift */ = {isa = PBXFileReference; lastKnownFileType = sourcecode.swift; path = UserDetailViewController.swift; sourceTree = "<group>"; };
		6549A7302787AF9E00C87B3A /* TransactionsTableViewController.swift */ = {isa = PBXFileReference; lastKnownFileType = sourcecode.swift; path = TransactionsTableViewController.swift; sourceTree = "<group>"; };
		6549A7322787E53A00C87B3A /* RIngProgressBar.swift */ = {isa = PBXFileReference; lastKnownFileType = sourcecode.swift; path = RIngProgressBar.swift; sourceTree = "<group>"; };
		6549A739278A24C500C87B3A /* OverallViewModel.swift */ = {isa = PBXFileReference; lastKnownFileType = sourcecode.swift; path = OverallViewModel.swift; sourceTree = "<group>"; };
		6549A73B278A4DFF00C87B3A /* RingPersonIcon.swift */ = {isa = PBXFileReference; lastKnownFileType = sourcecode.swift; path = RingPersonIcon.swift; sourceTree = "<group>"; };
		6549A73D278A51B700C87B3A /* AddNewPaymentButton.swift */ = {isa = PBXFileReference; lastKnownFileType = sourcecode.swift; path = AddNewPaymentButton.swift; sourceTree = "<group>"; };
		6549A73F278A6F3600C87B3A /* TransactionViewCell.swift */ = {isa = PBXFileReference; lastKnownFileType = sourcecode.swift; path = TransactionViewCell.swift; sourceTree = "<group>"; };
		6549A742278A7B5A00C87B3A /* TransactionHeaderView.swift */ = {isa = PBXFileReference; lastKnownFileType = sourcecode.swift; path = TransactionHeaderView.swift; sourceTree = "<group>"; };
		65E08EE727937BC700A2E883 /* TransactionViewCellViews.swift */ = {isa = PBXFileReference; lastKnownFileType = sourcecode.swift; path = TransactionViewCellViews.swift; sourceTree = "<group>"; };
		65E08EE927946AC400A2E883 /* AnimatedButton.swift */ = {isa = PBXFileReference; lastKnownFileType = sourcecode.swift; path = AnimatedButton.swift; sourceTree = "<group>"; };
		65E08EEB2794A89A00A2E883 /* TransactionService.swift */ = {isa = PBXFileReference; lastKnownFileType = sourcecode.swift; path = TransactionService.swift; sourceTree = "<group>"; };
		65E08EF227966DBB00A2E883 /* ArrayRearrange.swift */ = {isa = PBXFileReference; lastKnownFileType = sourcecode.swift; path = ArrayRearrange.swift; sourceTree = "<group>"; };
		65E61AEC277E35D70003BAD8 /* EqualSplitOnline.app */ = {isa = PBXFileReference; explicitFileType = wrapper.application; includeInIndex = 0; path = EqualSplitOnline.app; sourceTree = BUILT_PRODUCTS_DIR; };
		65E61AEF277E35D70003BAD8 /* AppDelegate.swift */ = {isa = PBXFileReference; lastKnownFileType = sourcecode.swift; path = AppDelegate.swift; sourceTree = "<group>"; };
		65E61AF3277E35D70003BAD8 /* SessionViewController.swift */ = {isa = PBXFileReference; lastKnownFileType = sourcecode.swift; path = SessionViewController.swift; sourceTree = "<group>"; };
		65E61AF8277E35D90003BAD8 /* Assets.xcassets */ = {isa = PBXFileReference; lastKnownFileType = folder.assetcatalog; path = Assets.xcassets; sourceTree = "<group>"; };
		65E61AFB277E35D90003BAD8 /* Base */ = {isa = PBXFileReference; lastKnownFileType = file.storyboard; name = Base; path = Base.lproj/LaunchScreen.storyboard; sourceTree = "<group>"; };
		65E61AFD277E35D90003BAD8 /* Info.plist */ = {isa = PBXFileReference; lastKnownFileType = text.plist.xml; path = Info.plist; sourceTree = "<group>"; };
		65E61B08277E3E300003BAD8 /* Extensions.swift */ = {isa = PBXFileReference; lastKnownFileType = sourcecode.swift; path = Extensions.swift; sourceTree = "<group>"; };
		65E61B0A277E3E4C0003BAD8 /* Constants.swift */ = {isa = PBXFileReference; lastKnownFileType = sourcecode.swift; path = Constants.swift; sourceTree = "<group>"; };
		65E61B0C277E3FF10003BAD8 /* AuthService.swift */ = {isa = PBXFileReference; lastKnownFileType = sourcecode.swift; path = AuthService.swift; sourceTree = "<group>"; };
		65E61B0E277E40760003BAD8 /* ResponseModel.swift */ = {isa = PBXFileReference; lastKnownFileType = sourcecode.swift; path = ResponseModel.swift; sourceTree = "<group>"; };
		65F9C1C4278656060096DB39 /* SetImageColor.swift */ = {isa = PBXFileReference; lastKnownFileType = sourcecode.swift; path = SetImageColor.swift; sourceTree = "<group>"; };
		65F9C1C6278660E80096DB39 /* SessionCodeCell.swift */ = {isa = PBXFileReference; lastKnownFileType = sourcecode.swift; path = SessionCodeCell.swift; sourceTree = "<group>"; };
		65F9C1CB27866B7E0096DB39 /* AddOfflineUserCell.swift */ = {isa = PBXFileReference; lastKnownFileType = sourcecode.swift; path = AddOfflineUserCell.swift; sourceTree = "<group>"; };
		87EBDBA10622743FFD4B9592 /* Pods-EqualSplitOnline.debug.xcconfig */ = {isa = PBXFileReference; includeInIndex = 1; lastKnownFileType = text.xcconfig; name = "Pods-EqualSplitOnline.debug.xcconfig"; path = "Target Support Files/Pods-EqualSplitOnline/Pods-EqualSplitOnline.debug.xcconfig"; sourceTree = "<group>"; };
		96CA607127A4ECD100857E58 /* EqualSplitOnlineTestsTarget.swift */ = {isa = PBXFileReference; lastKnownFileType = sourcecode.swift; path = EqualSplitOnlineTestsTarget.swift; sourceTree = "<group>"; };
		96CA964327A4E4C500BF7196 /* EqualSplitOnlineTests.xctest */ = {isa = PBXFileReference; explicitFileType = wrapper.cfbundle; includeInIndex = 0; path = EqualSplitOnlineTests.xctest; sourceTree = BUILT_PRODUCTS_DIR; };
		96CA964C27A4E55200BF7196 /* AuthServiceTest.swift */ = {isa = PBXFileReference; lastKnownFileType = sourcecode.swift; path = AuthServiceTest.swift; sourceTree = "<group>"; };
		CC418417459CA5F7B6F5837B /* Pods_EqualSplitOnline.framework */ = {isa = PBXFileReference; explicitFileType = wrapper.framework; includeInIndex = 0; path = Pods_EqualSplitOnline.framework; sourceTree = BUILT_PRODUCTS_DIR; };
		E434B4119F06D7F9853A9FC6 /* Pods-EqualSplitOnlineTests.debug.xcconfig */ = {isa = PBXFileReference; includeInIndex = 1; lastKnownFileType = text.xcconfig; name = "Pods-EqualSplitOnlineTests.debug.xcconfig"; path = "Target Support Files/Pods-EqualSplitOnlineTests/Pods-EqualSplitOnlineTests.debug.xcconfig"; sourceTree = "<group>"; };
		E4CBC5AB5EDF40A131EE9A1D /* Pods-EqualSplitOnlineTests.release.xcconfig */ = {isa = PBXFileReference; includeInIndex = 1; lastKnownFileType = text.xcconfig; name = "Pods-EqualSplitOnlineTests.release.xcconfig"; path = "Target Support Files/Pods-EqualSplitOnlineTests/Pods-EqualSplitOnlineTests.release.xcconfig"; sourceTree = "<group>"; };
		F1A918087AFA2C6CF2E44C52 /* Pods_EqualSplitOnlineTests.framework */ = {isa = PBXFileReference; explicitFileType = wrapper.framework; includeInIndex = 0; path = Pods_EqualSplitOnlineTests.framework; sourceTree = BUILT_PRODUCTS_DIR; };
/* End PBXFileReference section */

/* Begin PBXFrameworksBuildPhase section */
		65E61AE9277E35D70003BAD8 /* Frameworks */ = {
			isa = PBXFrameworksBuildPhase;
			buildActionMask = 2147483647;
			files = (
				960CECA427A580D700F30E7E /* JGProgressHUD in Frameworks */,
				960CECA127A580A100F30E7E /* Alamofire in Frameworks */,
				B9445427B748E127D2694F34 /* Pods_EqualSplitOnline.framework in Frameworks */,
			);
			runOnlyForDeploymentPostprocessing = 0;
		};
		96CA964027A4E4C500BF7196 /* Frameworks */ = {
			isa = PBXFrameworksBuildPhase;
			buildActionMask = 2147483647;
			files = (
				DF34E512C914863EA6E88DE1 /* Pods_EqualSplitOnlineTests.framework in Frameworks */,
			);
			runOnlyForDeploymentPostprocessing = 0;
		};
/* End PBXFrameworksBuildPhase section */

/* Begin PBXGroup section */
		20BD1D9C2870C16C57BE65D0 /* Pods */ = {
			isa = PBXGroup;
			children = (
				87EBDBA10622743FFD4B9592 /* Pods-EqualSplitOnline.debug.xcconfig */,
				12F2446AA05C0558446CAA86 /* Pods-EqualSplitOnline.release.xcconfig */,
				E434B4119F06D7F9853A9FC6 /* Pods-EqualSplitOnlineTests.debug.xcconfig */,
				E4CBC5AB5EDF40A131EE9A1D /* Pods-EqualSplitOnlineTests.release.xcconfig */,
			);
			name = Pods;
			path = Pods;
			sourceTree = "<group>";
		};
		650C108E2783CE3400549DA6 /* AuthenticationControllers */ = {
			isa = PBXGroup;
			children = (
				65222C9A277E5F9F007D2B01 /* RegistrationController.swift */,
				65222C9C277E5FBF007D2B01 /* LoginController.swift */,
				65222C9E277E5FE3007D2B01 /* AuthenticationDelegate.swift */,
			);
			path = AuthenticationControllers;
			sourceTree = "<group>";
		};
		65222CA0277E6006007D2B01 /* ViewModel */ = {
			isa = PBXGroup;
			children = (
				65222CA1277E6013007D2B01 /* AuthenticationViewModel.swift */,
				6549A739278A24C500C87B3A /* OverallViewModel.swift */,
			);
			path = ViewModel;
			sourceTree = "<group>";
		};
		65222CA7277E9B05007D2B01 /* Enums */ = {
			isa = PBXGroup;
			children = (
				65222CA9277E9B13007D2B01 /* Enums.swift */,
			);
			path = Enums;
			sourceTree = "<group>";
		};
		6549A738278A211300C87B3A /* UserDetail */ = {
			isa = PBXGroup;
			children = (
				6549A72E2787AF4300C87B3A /* UserDetailViewController.swift */,
				6549A7302787AF9E00C87B3A /* TransactionsTableViewController.swift */,
			);
			path = UserDetail;
			sourceTree = "<group>";
		};
		6549A741278A79D100C87B3A /* Cells */ = {
			isa = PBXGroup;
			children = (
				65222CB527825742007D2B01 /* SessionTableViewCell.swift */,
				650C10872783A85600549DA6 /* UserTableViewCell.swift */,
				6549A73F278A6F3600C87B3A /* TransactionViewCell.swift */,
				65E08EE727937BC700A2E883 /* TransactionViewCellViews.swift */,
				6549A742278A7B5A00C87B3A /* TransactionHeaderView.swift */,
			);
			path = Cells;
			sourceTree = "<group>";
		};
		65E61AE3277E35D70003BAD8 = {
			isa = PBXGroup;
			children = (
				65E61AEE277E35D70003BAD8 /* EqualSplitOnline */,
				96CA964427A4E4C500BF7196 /* EqualSplitOnlineTests */,
				96CA607027A4ECD100857E58 /* EqualSplitOnlineTestsTarget */,
				65E61AED277E35D70003BAD8 /* Products */,
				68C269B545C62869AC73544F /* Frameworks */,
				20BD1D9C2870C16C57BE65D0 /* Pods */,
			);
			sourceTree = "<group>";
		};
		65E61AED277E35D70003BAD8 /* Products */ = {
			isa = PBXGroup;
			children = (
				65E61AEC277E35D70003BAD8 /* EqualSplitOnline.app */,
				96CA964327A4E4C500BF7196 /* EqualSplitOnlineTests.xctest */,
			);
			name = Products;
			sourceTree = "<group>";
		};
		65E61AEE277E35D70003BAD8 /* EqualSplitOnline */ = {
			isa = PBXGroup;
			children = (
				65222CA7277E9B05007D2B01 /* Enums */,
				65222CA0277E6006007D2B01 /* ViewModel */,
				65E61B07277E3DCF0003BAD8 /* API */,
				65E61B06277E3DA90003BAD8 /* Utils */,
				65E61B05277E3DA40003BAD8 /* Views */,
				65E61B04277E3D990003BAD8 /* Model */,
				65E61B03277E3D930003BAD8 /* Controllers */,
				65E61AF8277E35D90003BAD8 /* Assets.xcassets */,
				65E61AFA277E35D90003BAD8 /* LaunchScreen.storyboard */,
				65E61AFD277E35D90003BAD8 /* Info.plist */,
			);
			path = EqualSplitOnline;
			sourceTree = "<group>";
		};
		65E61B03277E3D930003BAD8 /* Controllers */ = {
			isa = PBXGroup;
			children = (
				65E61AF3277E35D70003BAD8 /* SessionViewController.swift */,
				650C10832783A83400549DA6 /* MainViewController.swift */,
				650C10852783A84100549DA6 /* UsersTableViewController.swift */,
				650C10992784939E00549DA6 /* AddUserTableViewController.swift */,
				6549A738278A211300C87B3A /* UserDetail */,
				650C108E2783CE3400549DA6 /* AuthenticationControllers */,
			);
			path = Controllers;
			sourceTree = "<group>";
		};
		65E61B04277E3D990003BAD8 /* Model */ = {
			isa = PBXGroup;
			children = (
				65E61B0E277E40760003BAD8 /* ResponseModel.swift */,
				654347C2278BFAD600546BC2 /* LoginResponseModel.swift */,
			);
			path = Model;
			sourceTree = "<group>";
		};
		65E61B05277E3DA40003BAD8 /* Views */ = {
			isa = PBXGroup;
			children = (
				65222CA3277E6044007D2B01 /* AuthButton.swift */,
				65222CA5277E6068007D2B01 /* CustomTextField.swift */,
				650C107D27839F0000549DA6 /* HighlightButton.swift */,
				65E08EE927946AC400A2E883 /* AnimatedButton.swift */,
				650C108B2783AD3900549DA6 /* GradientMaker.swift */,
				650C108F2783D0DA00549DA6 /* MoneyCountLabel.swift */,
				6549A7322787E53A00C87B3A /* RIngProgressBar.swift */,
				6549A73B278A4DFF00C87B3A /* RingPersonIcon.swift */,
				6549A73D278A51B700C87B3A /* AddNewPaymentButton.swift */,
				6549A741278A79D100C87B3A /* Cells */,
				65F9C1C82786650C0096DB39 /* AddUserCells */,
			);
			path = Views;
			sourceTree = "<group>";
		};
		65E61B06277E3DA90003BAD8 /* Utils */ = {
			isa = PBXGroup;
			children = (
				65E61AEF277E35D70003BAD8 /* AppDelegate.swift */,
				65E61B08277E3E300003BAD8 /* Extensions.swift */,
				65E61B0A277E3E4C0003BAD8 /* Constants.swift */,
				65222CB32780FD26007D2B01 /* MyJsonDecoder.swift */,
				650C10812783A31600549DA6 /* IntToCurrency.swift */,
				650C10892783A8B600549DA6 /* LineDrawer.swift */,
				65F9C1C4278656060096DB39 /* SetImageColor.swift */,
				65E08EF227966DBB00A2E883 /* ArrayRearrange.swift */,
			);
			path = Utils;
			sourceTree = "<group>";
		};
		65E61B07277E3DCF0003BAD8 /* API */ = {
			isa = PBXGroup;
			children = (
				65E61B0C277E3FF10003BAD8 /* AuthService.swift */,
				65222CAF2780F7BC007D2B01 /* UserService.swift */,
				650C107727828AD600549DA6 /* SessionService.swift */,
				65E08EEB2794A89A00A2E883 /* TransactionService.swift */,
			);
			path = API;
			sourceTree = "<group>";
		};
		65F9C1C82786650C0096DB39 /* AddUserCells */ = {
			isa = PBXGroup;
			children = (
				65F9C1C6278660E80096DB39 /* SessionCodeCell.swift */,
				65F9C1CB27866B7E0096DB39 /* AddOfflineUserCell.swift */,
			);
			path = AddUserCells;
			sourceTree = "<group>";
		};
		68C269B545C62869AC73544F /* Frameworks */ = {
			isa = PBXGroup;
			children = (
				CC418417459CA5F7B6F5837B /* Pods_EqualSplitOnline.framework */,
				F1A918087AFA2C6CF2E44C52 /* Pods_EqualSplitOnlineTests.framework */,
			);
			name = Frameworks;
			sourceTree = "<group>";
		};
		96CA607027A4ECD100857E58 /* EqualSplitOnlineTestsTarget */ = {
			isa = PBXGroup;
			children = (
				96CA607127A4ECD100857E58 /* EqualSplitOnlineTestsTarget.swift */,
			);
			path = EqualSplitOnlineTestsTarget;
			sourceTree = "<group>";
		};
		96CA964427A4E4C500BF7196 /* EqualSplitOnlineTests */ = {
			isa = PBXGroup;
			children = (
				96CA964C27A4E55200BF7196 /* AuthServiceTest.swift */,
			);
			path = EqualSplitOnlineTests;
			sourceTree = "<group>";
		};
/* End PBXGroup section */

/* Begin PBXNativeTarget section */
		65E61AEB277E35D70003BAD8 /* EqualSplitOnline */ = {
			isa = PBXNativeTarget;
			buildConfigurationList = 65E61B00277E35D90003BAD8 /* Build configuration list for PBXNativeTarget "EqualSplitOnline" */;
			buildPhases = (
				0D33F2FA0E4903406CF08F20 /* [CP] Check Pods Manifest.lock */,
				65E61AE8277E35D70003BAD8 /* Sources */,
				65E61AE9277E35D70003BAD8 /* Frameworks */,
				65E61AEA277E35D70003BAD8 /* Resources */,
			);
			buildRules = (
			);
			dependencies = (
			);
			name = EqualSplitOnline;
			packageProductDependencies = (
				960CECA027A580A100F30E7E /* Alamofire */,
				960CECA327A580D700F30E7E /* JGProgressHUD */,
			);
			productName = EqualSplitOnline;
			productReference = 65E61AEC277E35D70003BAD8 /* EqualSplitOnline.app */;
			productType = "com.apple.product-type.application";
		};
		96CA964227A4E4C500BF7196 /* EqualSplitOnlineTests */ = {
			isa = PBXNativeTarget;
			buildConfigurationList = 96CA964B27A4E4C500BF7196 /* Build configuration list for PBXNativeTarget "EqualSplitOnlineTests" */;
			buildPhases = (
				B916834938B4AA2B96BB9D65 /* [CP] Check Pods Manifest.lock */,
				96CA963F27A4E4C500BF7196 /* Sources */,
				96CA964027A4E4C500BF7196 /* Frameworks */,
				96CA964127A4E4C500BF7196 /* Resources */,
			);
			buildRules = (
			);
			dependencies = (
				96CA964827A4E4C500BF7196 /* PBXTargetDependency */,
			);
			name = EqualSplitOnlineTests;
			productName = EqualSplitOnlineTests;
			productReference = 96CA964327A4E4C500BF7196 /* EqualSplitOnlineTests.xctest */;
			productType = "com.apple.product-type.bundle.unit-test";
		};
/* End PBXNativeTarget section */

/* Begin PBXProject section */
		65E61AE4277E35D70003BAD8 /* Project object */ = {
			isa = PBXProject;
			attributes = {
				BuildIndependentTargetsInParallel = 1;
				LastSwiftUpdateCheck = 1320;
				LastUpgradeCheck = 1310;
				TargetAttributes = {
					65E61AEB277E35D70003BAD8 = {
						CreatedOnToolsVersion = 13.1;
					};
					96CA964227A4E4C500BF7196 = {
						CreatedOnToolsVersion = 13.2.1;
						LastSwiftMigration = 1320;
						TestTargetID = 65E61AEB277E35D70003BAD8;
					};
				};
			};
			buildConfigurationList = 65E61AE7277E35D70003BAD8 /* Build configuration list for PBXProject "EqualSplitOnline" */;
			compatibilityVersion = "Xcode 13.0";
			developmentRegion = en;
			hasScannedForEncodings = 0;
			knownRegions = (
				en,
				Base,
			);
			mainGroup = 65E61AE3277E35D70003BAD8;
			packageReferences = (
				960CEC9F27A580A100F30E7E /* XCRemoteSwiftPackageReference "Alamofire" */,
				960CECA227A580D700F30E7E /* XCRemoteSwiftPackageReference "JGProgressHUD" */,
			);
			productRefGroup = 65E61AED277E35D70003BAD8 /* Products */;
			projectDirPath = "";
			projectRoot = "";
			targets = (
				65E61AEB277E35D70003BAD8 /* EqualSplitOnline */,
				96CA964227A4E4C500BF7196 /* EqualSplitOnlineTests */,
			);
		};
/* End PBXProject section */

/* Begin PBXResourcesBuildPhase section */
		65E61AEA277E35D70003BAD8 /* Resources */ = {
			isa = PBXResourcesBuildPhase;
			buildActionMask = 2147483647;
			files = (
				65E61AFC277E35D90003BAD8 /* LaunchScreen.storyboard in Resources */,
				65E61AF9277E35D90003BAD8 /* Assets.xcassets in Resources */,
			);
			runOnlyForDeploymentPostprocessing = 0;
		};
		96CA964127A4E4C500BF7196 /* Resources */ = {
			isa = PBXResourcesBuildPhase;
			buildActionMask = 2147483647;
			files = (
			);
			runOnlyForDeploymentPostprocessing = 0;
		};
/* End PBXResourcesBuildPhase section */

/* Begin PBXShellScriptBuildPhase section */
		0D33F2FA0E4903406CF08F20 /* [CP] Check Pods Manifest.lock */ = {
			isa = PBXShellScriptBuildPhase;
			buildActionMask = 2147483647;
			files = (
			);
			inputFileListPaths = (
			);
			inputPaths = (
				"${PODS_PODFILE_DIR_PATH}/Podfile.lock",
				"${PODS_ROOT}/Manifest.lock",
			);
			name = "[CP] Check Pods Manifest.lock";
			outputFileListPaths = (
			);
			outputPaths = (
				"$(DERIVED_FILE_DIR)/Pods-EqualSplitOnline-checkManifestLockResult.txt",
			);
			runOnlyForDeploymentPostprocessing = 0;
			shellPath = /bin/sh;
			shellScript = "diff \"${PODS_PODFILE_DIR_PATH}/Podfile.lock\" \"${PODS_ROOT}/Manifest.lock\" > /dev/null\nif [ $? != 0 ] ; then\n    # print error to STDERR\n    echo \"error: The sandbox is not in sync with the Podfile.lock. Run 'pod install' or update your CocoaPods installation.\" >&2\n    exit 1\nfi\n# This output is used by Xcode 'outputs' to avoid re-running this script phase.\necho \"SUCCESS\" > \"${SCRIPT_OUTPUT_FILE_0}\"\n";
			showEnvVarsInLog = 0;
		};
		B916834938B4AA2B96BB9D65 /* [CP] Check Pods Manifest.lock */ = {
			isa = PBXShellScriptBuildPhase;
			buildActionMask = 2147483647;
			files = (
			);
			inputFileListPaths = (
			);
			inputPaths = (
				"${PODS_PODFILE_DIR_PATH}/Podfile.lock",
				"${PODS_ROOT}/Manifest.lock",
			);
			name = "[CP] Check Pods Manifest.lock";
			outputFileListPaths = (
			);
			outputPaths = (
				"$(DERIVED_FILE_DIR)/Pods-EqualSplitOnlineTests-checkManifestLockResult.txt",
			);
			runOnlyForDeploymentPostprocessing = 0;
			shellPath = /bin/sh;
			shellScript = "diff \"${PODS_PODFILE_DIR_PATH}/Podfile.lock\" \"${PODS_ROOT}/Manifest.lock\" > /dev/null\nif [ $? != 0 ] ; then\n    # print error to STDERR\n    echo \"error: The sandbox is not in sync with the Podfile.lock. Run 'pod install' or update your CocoaPods installation.\" >&2\n    exit 1\nfi\n# This output is used by Xcode 'outputs' to avoid re-running this script phase.\necho \"SUCCESS\" > \"${SCRIPT_OUTPUT_FILE_0}\"\n";
			showEnvVarsInLog = 0;
		};
/* End PBXShellScriptBuildPhase section */

/* Begin PBXSourcesBuildPhase section */
		65E61AE8277E35D70003BAD8 /* Sources */ = {
			isa = PBXSourcesBuildPhase;
			buildActionMask = 2147483647;
			files = (
				6549A73E278A51B700C87B3A /* AddNewPaymentButton.swift in Sources */,
				650C10842783A83400549DA6 /* MainViewController.swift in Sources */,
				65222C9B277E5F9F007D2B01 /* RegistrationController.swift in Sources */,
				65E61AF4277E35D70003BAD8 /* SessionViewController.swift in Sources */,
				65222CB02780F7BC007D2B01 /* UserService.swift in Sources */,
				65222CB627825742007D2B01 /* SessionTableViewCell.swift in Sources */,
				6549A7312787AF9E00C87B3A /* TransactionsTableViewController.swift in Sources */,
				65E61B09277E3E300003BAD8 /* Extensions.swift in Sources */,
				65222CB42780FD26007D2B01 /* MyJsonDecoder.swift in Sources */,
				65E08EF327966DBB00A2E883 /* ArrayRearrange.swift in Sources */,
				650C108A2783A8B600549DA6 /* LineDrawer.swift in Sources */,
				65E61B0F277E40760003BAD8 /* ResponseModel.swift in Sources */,
				6549A7332787E53A00C87B3A /* RIngProgressBar.swift in Sources */,
				65E61B0D277E3FF10003BAD8 /* AuthService.swift in Sources */,
				65222C9F277E5FE3007D2B01 /* AuthenticationDelegate.swift in Sources */,
				650C108C2783AD3900549DA6 /* GradientMaker.swift in Sources */,
				650C10902783D0DA00549DA6 /* MoneyCountLabel.swift in Sources */,
				650C10882783A85600549DA6 /* UserTableViewCell.swift in Sources */,
				65222CA4277E6044007D2B01 /* AuthButton.swift in Sources */,
				65222CAA277E9B13007D2B01 /* Enums.swift in Sources */,
				650C107827828AD600549DA6 /* SessionService.swift in Sources */,
				65222CA2277E6013007D2B01 /* AuthenticationViewModel.swift in Sources */,
				65222CA6277E6068007D2B01 /* CustomTextField.swift in Sources */,
				65F9C1CC27866B7E0096DB39 /* AddOfflineUserCell.swift in Sources */,
				65F9C1C7278660E80096DB39 /* SessionCodeCell.swift in Sources */,
				6549A73A278A24C500C87B3A /* OverallViewModel.swift in Sources */,
				6549A740278A6F3600C87B3A /* TransactionViewCell.swift in Sources */,
				65F9C1C5278656060096DB39 /* SetImageColor.swift in Sources */,
				65222C9D277E5FBF007D2B01 /* LoginController.swift in Sources */,
				650C10862783A84100549DA6 /* UsersTableViewController.swift in Sources */,
				65E61AF0277E35D70003BAD8 /* AppDelegate.swift in Sources */,
				654347C3278BFAD600546BC2 /* LoginResponseModel.swift in Sources */,
				650C10822783A31600549DA6 /* IntToCurrency.swift in Sources */,
				6549A73C278A4DFF00C87B3A /* RingPersonIcon.swift in Sources */,
				6549A72F2787AF4300C87B3A /* UserDetailViewController.swift in Sources */,
				650C109A2784939E00549DA6 /* AddUserTableViewController.swift in Sources */,
				65E08EE827937BC700A2E883 /* TransactionViewCellViews.swift in Sources */,
				65E08EEC2794A89A00A2E883 /* TransactionService.swift in Sources */,
				650C107E27839F0000549DA6 /* HighlightButton.swift in Sources */,
				65E61B0B277E3E4C0003BAD8 /* Constants.swift in Sources */,
				65E08EEA27946AC400A2E883 /* AnimatedButton.swift in Sources */,
				6549A743278A7B5A00C87B3A /* TransactionHeaderView.swift in Sources */,
			);
			runOnlyForDeploymentPostprocessing = 0;
		};
		96CA963F27A4E4C500BF7196 /* Sources */ = {
			isa = PBXSourcesBuildPhase;
			buildActionMask = 2147483647;
			files = (
				96CA964D27A4E55200BF7196 /* AuthServiceTest.swift in Sources */,
			);
			runOnlyForDeploymentPostprocessing = 0;
		};
/* End PBXSourcesBuildPhase section */

/* Begin PBXTargetDependency section */
		96CA964827A4E4C500BF7196 /* PBXTargetDependency */ = {
			isa = PBXTargetDependency;
			target = 65E61AEB277E35D70003BAD8 /* EqualSplitOnline */;
			targetProxy = 96CA964727A4E4C500BF7196 /* PBXContainerItemProxy */;
		};
/* End PBXTargetDependency section */

/* Begin PBXVariantGroup section */
		65E61AFA277E35D90003BAD8 /* LaunchScreen.storyboard */ = {
			isa = PBXVariantGroup;
			children = (
				65E61AFB277E35D90003BAD8 /* Base */,
			);
			name = LaunchScreen.storyboard;
			sourceTree = "<group>";
		};
/* End PBXVariantGroup section */

/* Begin XCBuildConfiguration section */
		65E61AFE277E35D90003BAD8 /* Debug */ = {
			isa = XCBuildConfiguration;
			buildSettings = {
				ALWAYS_SEARCH_USER_PATHS = NO;
				CLANG_ANALYZER_NONNULL = YES;
				CLANG_ANALYZER_NUMBER_OBJECT_CONVERSION = YES_AGGRESSIVE;
				CLANG_CXX_LANGUAGE_STANDARD = "gnu++17";
				CLANG_CXX_LIBRARY = "libc++";
				CLANG_ENABLE_MODULES = YES;
				CLANG_ENABLE_OBJC_ARC = YES;
				CLANG_ENABLE_OBJC_WEAK = YES;
				CLANG_WARN_BLOCK_CAPTURE_AUTORELEASING = YES;
				CLANG_WARN_BOOL_CONVERSION = YES;
				CLANG_WARN_COMMA = YES;
				CLANG_WARN_CONSTANT_CONVERSION = YES;
				CLANG_WARN_DEPRECATED_OBJC_IMPLEMENTATIONS = YES;
				CLANG_WARN_DIRECT_OBJC_ISA_USAGE = YES_ERROR;
				CLANG_WARN_DOCUMENTATION_COMMENTS = YES;
				CLANG_WARN_EMPTY_BODY = YES;
				CLANG_WARN_ENUM_CONVERSION = YES;
				CLANG_WARN_INFINITE_RECURSION = YES;
				CLANG_WARN_INT_CONVERSION = YES;
				CLANG_WARN_NON_LITERAL_NULL_CONVERSION = YES;
				CLANG_WARN_OBJC_IMPLICIT_RETAIN_SELF = YES;
				CLANG_WARN_OBJC_LITERAL_CONVERSION = YES;
				CLANG_WARN_OBJC_ROOT_CLASS = YES_ERROR;
				CLANG_WARN_QUOTED_INCLUDE_IN_FRAMEWORK_HEADER = YES;
				CLANG_WARN_RANGE_LOOP_ANALYSIS = YES;
				CLANG_WARN_STRICT_PROTOTYPES = YES;
				CLANG_WARN_SUSPICIOUS_MOVE = YES;
				CLANG_WARN_UNGUARDED_AVAILABILITY = YES_AGGRESSIVE;
				CLANG_WARN_UNREACHABLE_CODE = YES;
				CLANG_WARN__DUPLICATE_METHOD_MATCH = YES;
				COPY_PHASE_STRIP = NO;
				DEBUG_INFORMATION_FORMAT = dwarf;
				ENABLE_STRICT_OBJC_MSGSEND = YES;
				ENABLE_TESTABILITY = YES;
				GCC_C_LANGUAGE_STANDARD = gnu11;
				GCC_DYNAMIC_NO_PIC = NO;
				GCC_NO_COMMON_BLOCKS = YES;
				GCC_OPTIMIZATION_LEVEL = 0;
				GCC_PREPROCESSOR_DEFINITIONS = (
					"DEBUG=1",
					"$(inherited)",
				);
				GCC_WARN_64_TO_32_BIT_CONVERSION = YES;
				GCC_WARN_ABOUT_RETURN_TYPE = YES_ERROR;
				GCC_WARN_UNDECLARED_SELECTOR = YES;
				GCC_WARN_UNINITIALIZED_AUTOS = YES_AGGRESSIVE;
				GCC_WARN_UNUSED_FUNCTION = YES;
				GCC_WARN_UNUSED_VARIABLE = YES;
				IPHONEOS_DEPLOYMENT_TARGET = 15.0;
				MTL_ENABLE_DEBUG_INFO = INCLUDE_SOURCE;
				MTL_FAST_MATH = YES;
				ONLY_ACTIVE_ARCH = YES;
				SDKROOT = iphoneos;
				SWIFT_ACTIVE_COMPILATION_CONDITIONS = DEBUG;
				SWIFT_OPTIMIZATION_LEVEL = "-Onone";
			};
			name = Debug;
		};
		65E61AFF277E35D90003BAD8 /* Release */ = {
			isa = XCBuildConfiguration;
			buildSettings = {
				ALWAYS_SEARCH_USER_PATHS = NO;
				CLANG_ANALYZER_NONNULL = YES;
				CLANG_ANALYZER_NUMBER_OBJECT_CONVERSION = YES_AGGRESSIVE;
				CLANG_CXX_LANGUAGE_STANDARD = "gnu++17";
				CLANG_CXX_LIBRARY = "libc++";
				CLANG_ENABLE_MODULES = YES;
				CLANG_ENABLE_OBJC_ARC = YES;
				CLANG_ENABLE_OBJC_WEAK = YES;
				CLANG_WARN_BLOCK_CAPTURE_AUTORELEASING = YES;
				CLANG_WARN_BOOL_CONVERSION = YES;
				CLANG_WARN_COMMA = YES;
				CLANG_WARN_CONSTANT_CONVERSION = YES;
				CLANG_WARN_DEPRECATED_OBJC_IMPLEMENTATIONS = YES;
				CLANG_WARN_DIRECT_OBJC_ISA_USAGE = YES_ERROR;
				CLANG_WARN_DOCUMENTATION_COMMENTS = YES;
				CLANG_WARN_EMPTY_BODY = YES;
				CLANG_WARN_ENUM_CONVERSION = YES;
				CLANG_WARN_INFINITE_RECURSION = YES;
				CLANG_WARN_INT_CONVERSION = YES;
				CLANG_WARN_NON_LITERAL_NULL_CONVERSION = YES;
				CLANG_WARN_OBJC_IMPLICIT_RETAIN_SELF = YES;
				CLANG_WARN_OBJC_LITERAL_CONVERSION = YES;
				CLANG_WARN_OBJC_ROOT_CLASS = YES_ERROR;
				CLANG_WARN_QUOTED_INCLUDE_IN_FRAMEWORK_HEADER = YES;
				CLANG_WARN_RANGE_LOOP_ANALYSIS = YES;
				CLANG_WARN_STRICT_PROTOTYPES = YES;
				CLANG_WARN_SUSPICIOUS_MOVE = YES;
				CLANG_WARN_UNGUARDED_AVAILABILITY = YES_AGGRESSIVE;
				CLANG_WARN_UNREACHABLE_CODE = YES;
				CLANG_WARN__DUPLICATE_METHOD_MATCH = YES;
				COPY_PHASE_STRIP = NO;
				DEBUG_INFORMATION_FORMAT = "dwarf-with-dsym";
				ENABLE_NS_ASSERTIONS = NO;
				ENABLE_STRICT_OBJC_MSGSEND = YES;
				GCC_C_LANGUAGE_STANDARD = gnu11;
				GCC_NO_COMMON_BLOCKS = YES;
				GCC_WARN_64_TO_32_BIT_CONVERSION = YES;
				GCC_WARN_ABOUT_RETURN_TYPE = YES_ERROR;
				GCC_WARN_UNDECLARED_SELECTOR = YES;
				GCC_WARN_UNINITIALIZED_AUTOS = YES_AGGRESSIVE;
				GCC_WARN_UNUSED_FUNCTION = YES;
				GCC_WARN_UNUSED_VARIABLE = YES;
				IPHONEOS_DEPLOYMENT_TARGET = 15.0;
				MTL_ENABLE_DEBUG_INFO = NO;
				MTL_FAST_MATH = YES;
				SDKROOT = iphoneos;
				SWIFT_COMPILATION_MODE = wholemodule;
				SWIFT_OPTIMIZATION_LEVEL = "-O";
				VALIDATE_PRODUCT = YES;
			};
			name = Release;
		};
		65E61B01277E35D90003BAD8 /* Debug */ = {
			isa = XCBuildConfiguration;
			baseConfigurationReference = 87EBDBA10622743FFD4B9592 /* Pods-EqualSplitOnline.debug.xcconfig */;
			buildSettings = {
				ASSETCATALOG_COMPILER_APPICON_NAME = AppIcon;
				ASSETCATALOG_COMPILER_GLOBAL_ACCENT_COLOR_NAME = AccentColor;
				CODE_SIGN_STYLE = Automatic;
				CURRENT_PROJECT_VERSION = 1;
				DEVELOPMENT_TEAM = ZZZN24R7C9;
				GENERATE_INFOPLIST_FILE = YES;
				INFOPLIST_FILE = EqualSplitOnline/Info.plist;
				INFOPLIST_KEY_UIApplicationSupportsIndirectInputEvents = YES;
				INFOPLIST_KEY_UILaunchStoryboardName = LaunchScreen;
				INFOPLIST_KEY_UISupportedInterfaceOrientations = UIInterfaceOrientationPortrait;
				INFOPLIST_KEY_UISupportedInterfaceOrientations_iPhone = "UIInterfaceOrientationPortrait UIInterfaceOrientationLandscapeLeft UIInterfaceOrientationLandscapeRight";
				LD_RUNPATH_SEARCH_PATHS = (
					"$(inherited)",
					"@executable_path/Frameworks",
				);
				MARKETING_VERSION = 1.0;
				PRODUCT_BUNDLE_IDENTIFIER = com.ilinedv.EqualSplitOnline;
				PRODUCT_NAME = "$(TARGET_NAME)";
				SWIFT_EMIT_LOC_STRINGS = YES;
				SWIFT_VERSION = 5.0;
				TARGETED_DEVICE_FAMILY = 1;
			};
			name = Debug;
		};
		65E61B02277E35D90003BAD8 /* Release */ = {
			isa = XCBuildConfiguration;
			baseConfigurationReference = 12F2446AA05C0558446CAA86 /* Pods-EqualSplitOnline.release.xcconfig */;
			buildSettings = {
				ASSETCATALOG_COMPILER_APPICON_NAME = AppIcon;
				ASSETCATALOG_COMPILER_GLOBAL_ACCENT_COLOR_NAME = AccentColor;
				CODE_SIGN_STYLE = Automatic;
				CURRENT_PROJECT_VERSION = 1;
				DEVELOPMENT_TEAM = ZZZN24R7C9;
				GENERATE_INFOPLIST_FILE = YES;
				INFOPLIST_FILE = EqualSplitOnline/Info.plist;
				INFOPLIST_KEY_UIApplicationSupportsIndirectInputEvents = YES;
				INFOPLIST_KEY_UILaunchStoryboardName = LaunchScreen;
				INFOPLIST_KEY_UISupportedInterfaceOrientations = UIInterfaceOrientationPortrait;
				INFOPLIST_KEY_UISupportedInterfaceOrientations_iPhone = "UIInterfaceOrientationPortrait UIInterfaceOrientationLandscapeLeft UIInterfaceOrientationLandscapeRight";
				LD_RUNPATH_SEARCH_PATHS = (
					"$(inherited)",
					"@executable_path/Frameworks",
				);
				MARKETING_VERSION = 1.0;
				PRODUCT_BUNDLE_IDENTIFIER = com.ilinedv.EqualSplitOnline;
				PRODUCT_NAME = "$(TARGET_NAME)";
				SWIFT_EMIT_LOC_STRINGS = YES;
				SWIFT_VERSION = 5.0;
				TARGETED_DEVICE_FAMILY = 1;
			};
			name = Release;
		};
		96CA964927A4E4C500BF7196 /* Debug */ = {
			isa = XCBuildConfiguration;
			baseConfigurationReference = E434B4119F06D7F9853A9FC6 /* Pods-EqualSplitOnlineTests.debug.xcconfig */;
			buildSettings = {
				BUNDLE_LOADER = "$(TEST_HOST)";
				CLANG_ENABLE_MODULES = YES;
				CODE_SIGN_STYLE = Automatic;
				CURRENT_PROJECT_VERSION = 1;
				DEVELOPMENT_TEAM = ZZZN24R7C9;
				GENERATE_INFOPLIST_FILE = YES;
				IPHONEOS_DEPLOYMENT_TARGET = 15.2;
				LD_RUNPATH_SEARCH_PATHS = (
					"$(inherited)",
					"@executable_path/Frameworks",
					"@loader_path/Frameworks",
				);
				MARKETING_VERSION = 1.0;
				PRODUCT_BUNDLE_IDENTIFIER = com.ilinedv.EqualSplitOnlineTests;
				PRODUCT_NAME = "$(TARGET_NAME)";
				SWIFT_EMIT_LOC_STRINGS = NO;
				SWIFT_OPTIMIZATION_LEVEL = "-Onone";
				SWIFT_VERSION = 5.0;
				TARGETED_DEVICE_FAMILY = "1,2";
				TEST_HOST = "$(BUILT_PRODUCTS_DIR)/EqualSplitOnline.app/EqualSplitOnline";
			};
			name = Debug;
		};
		96CA964A27A4E4C500BF7196 /* Release */ = {
			isa = XCBuildConfiguration;
			baseConfigurationReference = E4CBC5AB5EDF40A131EE9A1D /* Pods-EqualSplitOnlineTests.release.xcconfig */;
			buildSettings = {
				BUNDLE_LOADER = "$(TEST_HOST)";
				CLANG_ENABLE_MODULES = YES;
				CODE_SIGN_STYLE = Automatic;
				CURRENT_PROJECT_VERSION = 1;
				DEVELOPMENT_TEAM = ZZZN24R7C9;
				GENERATE_INFOPLIST_FILE = YES;
				IPHONEOS_DEPLOYMENT_TARGET = 15.2;
				LD_RUNPATH_SEARCH_PATHS = (
					"$(inherited)",
					"@executable_path/Frameworks",
					"@loader_path/Frameworks",
				);
				MARKETING_VERSION = 1.0;
				PRODUCT_BUNDLE_IDENTIFIER = com.ilinedv.EqualSplitOnlineTests;
				PRODUCT_NAME = "$(TARGET_NAME)";
				SWIFT_EMIT_LOC_STRINGS = NO;
				SWIFT_VERSION = 5.0;
				TARGETED_DEVICE_FAMILY = "1,2";
				TEST_HOST = "$(BUILT_PRODUCTS_DIR)/EqualSplitOnline.app/EqualSplitOnline";
			};
			name = Release;
		};
/* End XCBuildConfiguration section */

/* Begin XCConfigurationList section */
		65E61AE7277E35D70003BAD8 /* Build configuration list for PBXProject "EqualSplitOnline" */ = {
			isa = XCConfigurationList;
			buildConfigurations = (
				65E61AFE277E35D90003BAD8 /* Debug */,
				65E61AFF277E35D90003BAD8 /* Release */,
			);
			defaultConfigurationIsVisible = 0;
			defaultConfigurationName = Release;
		};
		65E61B00277E35D90003BAD8 /* Build configuration list for PBXNativeTarget "EqualSplitOnline" */ = {
			isa = XCConfigurationList;
			buildConfigurations = (
				65E61B01277E35D90003BAD8 /* Debug */,
				65E61B02277E35D90003BAD8 /* Release */,
			);
			defaultConfigurationIsVisible = 0;
			defaultConfigurationName = Release;
		};
		96CA964B27A4E4C500BF7196 /* Build configuration list for PBXNativeTarget "EqualSplitOnlineTests" */ = {
			isa = XCConfigurationList;
			buildConfigurations = (
				96CA964927A4E4C500BF7196 /* Debug */,
				96CA964A27A4E4C500BF7196 /* Release */,
			);
			defaultConfigurationIsVisible = 0;
			defaultConfigurationName = Release;
		};
/* End XCConfigurationList section */

/* Begin XCRemoteSwiftPackageReference section */
		960CEC9F27A580A100F30E7E /* XCRemoteSwiftPackageReference "Alamofire" */ = {
			isa = XCRemoteSwiftPackageReference;
			repositoryURL = "https://github.com/Alamofire/Alamofire";
			requirement = {
				kind = upToNextMajorVersion;
				minimumVersion = 5.0.0;
			};
		};
		960CECA227A580D700F30E7E /* XCRemoteSwiftPackageReference "JGProgressHUD" */ = {
			isa = XCRemoteSwiftPackageReference;
			repositoryURL = "https://github.com/JonasGessner/JGProgressHUD";
			requirement = {
				kind = upToNextMajorVersion;
				minimumVersion = 2.0.0;
			};
		};
/* End XCRemoteSwiftPackageReference section */

/* Begin XCSwiftPackageProductDependency section */
		960CECA027A580A100F30E7E /* Alamofire */ = {
			isa = XCSwiftPackageProductDependency;
			package = 960CEC9F27A580A100F30E7E /* XCRemoteSwiftPackageReference "Alamofire" */;
			productName = Alamofire;
		};
		960CECA327A580D700F30E7E /* JGProgressHUD */ = {
			isa = XCSwiftPackageProductDependency;
			package = 960CECA227A580D700F30E7E /* XCRemoteSwiftPackageReference "JGProgressHUD" */;
			productName = JGProgressHUD;
		};
/* End XCSwiftPackageProductDependency section */
	};
	rootObject = 65E61AE4277E35D70003BAD8 /* Project object */;
}
